{
  "name": "batch-apng2gif",
  "version": "1.0.0",
  "lockfileVersion": 3,
  "requires": true,
  "packages": {
    "": {
      "name": "batch-apng2gif",
      "version": "1.0.0",
      "license": "MIT",
      "dependencies": {
        "apng2gif": "^1.7.0"
      }
    },
    "node_modules/apng2gif": {
      "version": "1.7.0",
      "resolved": "https://registry.npmmirror.com/apng2gif/-/apng2gif-1.7.0.tgz",
      "integrity": "sha512-trKFmDpI+ZdHUPhotrqsvWTd4MUlAoMBcGLm3xrUJKPeFGputSRkeG8Z1z4koQ56eqiugA22aKokgex606oPZg==",
      "dependencies": {
        "apng2gif-bin": "1.7.1"
      }
    },
    "node_modules/apng2gif-bin": {
      "version": "1.7.1",
      "resolved": "https://registry.npmmirror.com/apng2gif-bin/-/apng2gif-bin-1.7.1.tgz",
      "integrity": "sha512-Zg+KnNIDoMepSJ07d5PDOhNfx+k85iv0hCD8PEvjIeoIzpemHl2JkvN/88YRrnFBJ6DyFLpRlv/+EjnmNKWnLg=="
    }
  }
}
